
Microsoft Visual Studio Solution File, Format Version 12.00
# Visual Studio Version 17
VisualStudioVersion = 17.8.34408.163
MinimumVisualStudioVersion = 10.0.40219.1
Project("{9A19103F-16F7-4668-BE54-9A1E7A4F7556}") = "EMR.Server", "EMR.Server.csproj", "{4A84ADA0-676D-4109-93BE-1ED862849E31}"
EndProject
Global
	GlobalSection(SolutionConfigurationPlatforms) = preSolution
		Debug|Any CPU = Debug|Any CPU
		Release|Any CPU = Release|Any CPU
	EndGlobalSection
	GlobalSection(ProjectConfigurationPlatforms) = postSolution
		{4A84ADA0-676D-4109-93BE-1ED862849E31}.Debug|Any CPU.ActiveCfg = Debug|Any CPU
		{4A84ADA0-676D-4109-93BE-1ED862849E31}.Debug|Any CPU.Build.0 = Debug|Any CPU
		{4A84ADA0-676D-4109-93BE-1ED862849E31}.Release|Any CPU.ActiveCfg = Release|Any CPU
		{4A84ADA0-676D-4109-93BE-1ED862849E31}.Release|Any CPU.Build.0 = Release|Any CPU
	EndGlobalSection
	GlobalSection(SolutionProperties) = preSolution
		HideSolutionNode = FALSE
	EndGlobalSection
	GlobalSection(ExtensibilityGlobals) = postSolution
		SolutionGuid = {FA133363-4E40-42A3-ADD5-7BDB569A530C}
	EndGlobalSection
EndGlobal
